
Microsoft Visual Studio Solution File, Format Version 12.00
# Visual Studio Version 17
VisualStudioVersion = 17.13.35828.75 d17.13
MinimumVisualStudioVersion = 10.0.40219.1
Project("{D2ABAB84-BF74-430A-B69E-9DC6D40DDA17}") = "SSAS_kursova", "SSAS_kursova\SSAS_kursova.dwproj", "{F4D25536-1E8D-AD5E-F9C2-1737E8C9DC6A}"
EndProject
Global
	GlobalSection(SolutionConfigurationPlatforms) = preSolution
		Development|Default = Development|Default
	EndGlobalSection
	GlobalSection(ProjectConfigurationPlatforms) = postSolution
		{F4D25536-1E8D-AD5E-F9C2-1737E8C9DC6A}.Development|Default.ActiveCfg = Development
		{F4D25536-1E8D-AD5E-F9C2-1737E8C9DC6A}.Development|Default.Build.0 = Development
		{F4D25536-1E8D-AD5E-F9C2-1737E8C9DC6A}.Development|Default.Deploy.0 = Development
	EndGlobalSection
	GlobalSection(SolutionProperties) = preSolution
		HideSolutionNode = FALSE
	EndGlobalSection
	GlobalSection(ExtensibilityGlobals) = postSolution
		SolutionGuid = {C935EE97-7F0C-45F5-A0A0-218C36D7DA60}
	EndGlobalSection
EndGlobal
